
Microsoft Visual Studio Solution File, Format Version 12.00
# Visual Studio Version 16
VisualStudioVersion = 16.0.29411.108
MinimumVisualStudioVersion = 10.0.40219.1
Project("{9A19103F-16F7-4668-BE54-9A1E7A4F7556}") = "TravelPlannerApi", "TravelPlannerApi\TravelPlannerApi.csproj", "{27F62B21-1265-44BA-A2BB-1098491EF211}"
EndProject
Project("{9A19103F-16F7-4668-BE54-9A1E7A4F7556}") = "TravelPlanner.Logic", "TravelPlannerLogic\TravelPlanner.Logic.csproj", "{A7BA34EA-9F80-4793-BD8E-6FBCDF10109F}"
EndProject
Global
	GlobalSection(SolutionConfigurationPlatforms) = preSolution
		Debug|Any CPU = Debug|Any CPU
		Release|Any CPU = Release|Any CPU
	EndGlobalSection
	GlobalSection(ProjectConfigurationPlatforms) = postSolution
		{27F62B21-1265-44BA-A2BB-1098491EF211}.Debug|Any CPU.ActiveCfg = Debug|Any CPU
		{27F62B21-1265-44BA-A2BB-1098491EF211}.Debug|Any CPU.Build.0 = Debug|Any CPU
		{27F62B21-1265-44BA-A2BB-1098491EF211}.Release|Any CPU.ActiveCfg = Release|Any CPU
		{27F62B21-1265-44BA-A2BB-1098491EF211}.Release|Any CPU.Build.0 = Release|Any CPU
		{A7BA34EA-9F80-4793-BD8E-6FBCDF10109F}.Debug|Any CPU.ActiveCfg = Debug|Any CPU
		{A7BA34EA-9F80-4793-BD8E-6FBCDF10109F}.Debug|Any CPU.Build.0 = Debug|Any CPU
		{A7BA34EA-9F80-4793-BD8E-6FBCDF10109F}.Release|Any CPU.ActiveCfg = Release|Any CPU
		{A7BA34EA-9F80-4793-BD8E-6FBCDF10109F}.Release|Any CPU.Build.0 = Release|Any CPU
	EndGlobalSection
	GlobalSection(SolutionProperties) = preSolution
		HideSolutionNode = FALSE
	EndGlobalSection
	GlobalSection(ExtensibilityGlobals) = postSolution
		SolutionGuid = {3C0796A3-DC20-4923-9277-CB4EA8DF27AE}
	EndGlobalSection
EndGlobal
